
Microsoft Visual Studio Solution File, Format Version 12.00
# Visual Studio Version 16
VisualStudioVersion = 16.0.32901.82
MinimumVisualStudioVersion = 10.0.40219.1
Project("{FAE04EC0-301F-11D3-BF4B-00C04F79EFBC}") = "Lab_8_csharp", "Lab_8_csharp\Lab_8_csharp.csproj", "{9273D9F7-33D5-4536-99CC-15F761AECAA8}"
EndProject
Global
	GlobalSection(SolutionConfigurationPlatforms) = preSolution
		Debug|Any CPU = Debug|Any CPU
		Release|Any CPU = Release|Any CPU
	EndGlobalSection
	GlobalSection(ProjectConfigurationPlatforms) = postSolution
		{9273D9F7-33D5-4536-99CC-15F761AECAA8}.Debug|Any CPU.ActiveCfg = Debug|Any CPU
		{9273D9F7-33D5-4536-99CC-15F761AECAA8}.Debug|Any CPU.Build.0 = Debug|Any CPU
		{9273D9F7-33D5-4536-99CC-15F761AECAA8}.Release|Any CPU.ActiveCfg = Release|Any CPU
		{9273D9F7-33D5-4536-99CC-15F761AECAA8}.Release|Any CPU.Build.0 = Release|Any CPU
	EndGlobalSection
	GlobalSection(SolutionProperties) = preSolution
		HideSolutionNode = FALSE
	EndGlobalSection
	GlobalSection(ExtensibilityGlobals) = postSolution
		SolutionGuid = {6436B13E-3DF0-4061-839C-F5ED5336FE1D}
	EndGlobalSection
EndGlobal
